
Microsoft Visual Studio Solution File, Format Version 12.00
# Visual Studio Version 16
VisualStudioVersion = 25.0.1705.0
MinimumVisualStudioVersion = 10.0.40219.1
Project("{FAE04EC0-301F-11D3-BF4B-00C04F79EFBC}") = "MyLang", "MyLang\MyLang.csproj", "{5ADD05CC-285B-464B-A6A4-3294DBDEF529}"
EndProject
Global
	GlobalSection(SolutionConfigurationPlatforms) = preSolution
		Debug|Any CPU = Debug|Any CPU
		Release|Any CPU = Release|Any CPU
	EndGlobalSection
	GlobalSection(ProjectConfigurationPlatforms) = postSolution
		{5ADD05CC-285B-464B-A6A4-3294DBDEF529}.Debug|Any CPU.ActiveCfg = Debug|Any CPU
		{5ADD05CC-285B-464B-A6A4-3294DBDEF529}.Debug|Any CPU.Build.0 = Debug|Any CPU
		{5ADD05CC-285B-464B-A6A4-3294DBDEF529}.Release|Any CPU.ActiveCfg = Release|Any CPU
		{5ADD05CC-285B-464B-A6A4-3294DBDEF529}.Release|Any CPU.Build.0 = Release|Any CPU
	EndGlobalSection
	GlobalSection(SolutionProperties) = preSolution
		HideSolutionNode = FALSE
	EndGlobalSection
	GlobalSection(ExtensibilityGlobals) = postSolution
		SolutionGuid = {CC2135C2-741C-4DAC-BC2F-40FE5D5BDA3A}
	EndGlobalSection
EndGlobal
